
Microsoft Visual Studio Solution File, Format Version 12.00
# Visual Studio 15
VisualStudioVersion = 15.0.27428.2027
MinimumVisualStudioVersion = 10.0.40219.1
Project("{FAE04EC0-301F-11D3-BF4B-00C04F79EFBC}") = "App", "App\App.csproj", "{A41FACA6-0EF2-47C6-AA21-25D11D9CDB69}"
EndProject
Global
	GlobalSection(SolutionConfigurationPlatforms) = preSolution
		Debug|ARM = Debug|ARM
		Debug|x64 = Debug|x64
		Debug|x86 = Debug|x86
		Release|ARM = Release|ARM
		Release|x64 = Release|x64
		Release|x86 = Release|x86
	EndGlobalSection
	GlobalSection(ProjectConfigurationPlatforms) = postSolution
		{A41FACA6-0EF2-47C6-AA21-25D11D9CDB69}.Debug|ARM.ActiveCfg = Debug|ARM
		{A41FACA6-0EF2-47C6-AA21-25D11D9CDB69}.Debug|ARM.Build.0 = Debug|ARM
		{A41FACA6-0EF2-47C6-AA21-25D11D9CDB69}.Debug|ARM.Deploy.0 = Debug|ARM
		{A41FACA6-0EF2-47C6-AA21-25D11D9CDB69}.Debug|x64.ActiveCfg = Debug|x64
		{A41FACA6-0EF2-47C6-AA21-25D11D9CDB69}.Debug|x64.Build.0 = Debug|x64
		{A41FACA6-0EF2-47C6-AA21-25D11D9CDB69}.Debug|x64.Deploy.0 = Debug|x64
		{A41FACA6-0EF2-47C6-AA21-25D11D9CDB69}.Debug|x86.ActiveCfg = Debug|x86
		{A41FACA6-0EF2-47C6-AA21-25D11D9CDB69}.Debug|x86.Build.0 = Debug|x86
		{A41FACA6-0EF2-47C6-AA21-25D11D9CDB69}.Debug|x86.Deploy.0 = Debug|x86
		{A41FACA6-0EF2-47C6-AA21-25D11D9CDB69}.Release|ARM.ActiveCfg = Release|ARM
		{A41FACA6-0EF2-47C6-AA21-25D11D9CDB69}.Release|ARM.Build.0 = Release|ARM
		{A41FACA6-0EF2-47C6-AA21-25D11D9CDB69}.Release|ARM.Deploy.0 = Release|ARM
		{A41FACA6-0EF2-47C6-AA21-25D11D9CDB69}.Release|x64.ActiveCfg = Release|x64
		{A41FACA6-0EF2-47C6-AA21-25D11D9CDB69}.Release|x64.Build.0 = Release|x64
		{A41FACA6-0EF2-47C6-AA21-25D11D9CDB69}.Release|x64.Deploy.0 = Release|x64
		{A41FACA6-0EF2-47C6-AA21-25D11D9CDB69}.Release|x86.ActiveCfg = Release|x86
		{A41FACA6-0EF2-47C6-AA21-25D11D9CDB69}.Release|x86.Build.0 = Release|x86
		{A41FACA6-0EF2-47C6-AA21-25D11D9CDB69}.Release|x86.Deploy.0 = Release|x86
	EndGlobalSection
	GlobalSection(SolutionProperties) = preSolution
		HideSolutionNode = FALSE
	EndGlobalSection
	GlobalSection(ExtensibilityGlobals) = postSolution
		SolutionGuid = {B85AC8FA-1387-4F34-91D6-B98391040902}
	EndGlobalSection
EndGlobal
